github.com/fogfish/golem/hseq v1.0.0 h1:LlogAqZcAkgOprds2RA7EtlkJfyI/KUCuTXng7XZx0E=
github.com/fogfish/golem/hseq v1.0.0/go.mod h1:N5y7RLLJyL8iNxFOcD6mkciIBx5TJ9mT1fRszr+ByhQ=
github.com/fogfish/it v1.0.0 h1:kiwFHZcrkRLUydZoIoY0gTuMfj38trwvLo0YRyIkeG8=
github.com/fogfish/it v1.0.0/go.mod h1:NQJG4Ygvek85y7zGj0Gny8+6ygAnHjfBORhI7TdQhp4=
github.com/fogfish/it/v2 v2.0.1 h1:vu3kV2xzYDPHoMHMABxXeu5CoMcTfRc4gkWkzOUkRJY=
