github.com/fogfish/golem/hseq v1.1.3 h1:NYFU1uOze2H54pttDnvKePK1F5yUr4mTHwZKvGOaXdo=
github.com/fogfish/golem/hseq v1.1.3/go.mod h1:N5y7RLLJyL8iNxFOcD6mkciIBx5TJ9mT1fRszr+ByhQ=
github.com/fogfish/it/v2 v2.0.1 h1:vu3kV2xzYDPHoMHMABxXeu5CoMcTfRc4gkWkzOUkRJY=
github.com/fogfish/it/v2 v2.0.1/go.mod h1:h5FdKaEQT4sUEykiVkB8VV4jX27XabFVeWhoDZaRZtE=
