github.com/fogfish/golem/hseq v1.2.0 h1:B6yrzOHQNoTqSlhLb+AvK7dhEAELjHThrCQTF/uqwbM=
github.com/fogfish/golem/hseq v1.2.0/go.mod h1:17XORt8nNKl6KOhF43MHSmjK8NksbkBsohAoJGiinUs=
github.com/fogfish/it/v2 v2.0.2 h1:UR6yVemf8zD3WVs6Bq0zE6LJwapZ8urv9zvU5VB5E6o=
github.com/fogfish/it/v2 v2.0.2/go.mod h1:HHwufnTaZTvlRVnSesPl49HzzlMrQtweKbf+8Co/ll4=
